// !$*UTF8*$!
{
	archiveVersion = 1;
	classes = {
	};
	objectVersion = 56;
	objects = {

/* Begin PBXBuildFile section */
		94C4A6972A6C7FBC0014BD03 /* SwiftSwapApp.swift in Sources */ = {isa = PBXBuildFile; fileRef = 94C4A6962A6C7FBC0014BD03 /* SwiftSwapApp.swift */; };
		94C4A6992A6C7FBC0014BD03 /* ContentView.swift in Sources */ = {isa = PBXBuildFile; fileRef = 94C4A6982A6C7FBC0014BD03 /* ContentView.swift */; };
		94C4A69B2A6C7FBD0014BD03 /* Assets.xcassets in Resources */ = {isa = PBXBuildFile; fileRef = 94C4A69A2A6C7FBD0014BD03 /* Assets.xcassets */; };
		94C4A69E2A6C7FBD0014BD03 /* Preview Assets.xcassets in Resources */ = {isa = PBXBuildFile; fileRef = 94C4A69D2A6C7FBD0014BD03 /* Preview Assets.xcassets */; };
		94C4A6A82A6C7FBD0014BD03 /* SwiftSwapTests.swift in Sources */ = {isa = PBXBuildFile; fileRef = 94C4A6A72A6C7FBD0014BD03 /* SwiftSwapTests.swift */; };
		94C4A6B22A6C7FBD0014BD03 /* SwiftSwapUITests.swift in Sources */ = {isa = PBXBuildFile; fileRef = 94C4A6B12A6C7FBD0014BD03 /* SwiftSwapUITests.swift */; };
		94C4A6B42A6C7FBD0014BD03 /* SwiftSwapUITestsLaunchTests.swift in Sources */ = {isa = PBXBuildFile; fileRef = 94C4A6B32A6C7FBD0014BD03 /* SwiftSwapUITestsLaunchTests.swift */; };
/* End PBXBuildFile section */

/* Begin PBXContainerItemProxy section */
		94C4A6A42A6C7FBD0014BD03 /* PBXContainerItemProxy */ = {
			isa = PBXContainerItemProxy;
			containerPortal = 94C4A68B2A6C7FBC0014BD03 /* Project object */;
			proxyType = 1;
			remoteGlobalIDString = 94C4A6922A6C7FBC0014BD03;
			remoteInfo = SwiftSwap;
		};
		94C4A6AE2A6C7FBD0014BD03 /* PBXContainerItemProxy */ = {
			isa = PBXContainerItemProxy;
			containerPortal = 94C4A68B2A6C7FBC0014BD03 /* Project object */;
			proxyType = 1;
			remoteGlobalIDString = 94C4A6922A6C7FBC0014BD03;
			remoteInfo = SwiftSwap;
		};
/* End PBXContainerItemProxy section */

/* Begin PBXFileReference section */
		94C4A6932A6C7FBC0014BD03 /* SwiftSwap.app */ = {isa = PBXFileReference; explicitFileType = wrapper.application; includeInIndex = 0; path = SwiftSwap.app; sourceTree = BUILT_PRODUCTS_DIR; };
		94C4A6962A6C7FBC0014BD03 /* SwiftSwapApp.swift */ = {isa = PBXFileReference; lastKnownFileType = sourcecode.swift; path = SwiftSwapApp.swift; sourceTree = "<group>"; };
		94C4A6982A6C7FBC0014BD03 /* ContentView.swift */ = {isa = PBXFileReference; lastKnownFileType = sourcecode.swift; path = ContentView.swift; sourceTree = "<group>"; };
		94C4A69A2A6C7FBD0014BD03 /* Assets.xcassets */ = {isa = PBXFileReference; lastKnownFileType = folder.assetcatalog; path = Assets.xcassets; sourceTree = "<group>"; };
		94C4A69D2A6C7FBD0014BD03 /* Preview Assets.xcassets */ = {isa = PBXFileReference; lastKnownFileType = folder.assetcatalog; path = "Preview Assets.xcassets"; sourceTree = "<group>"; };
		94C4A6A32A6C7FBD0014BD03 /* SwiftSwapTests.xctest */ = {isa = PBXFileReference; explicitFileType = wrapper.cfbundle; includeInIndex = 0; path = SwiftSwapTests.xctest; sourceTree = BUILT_PRODUCTS_DIR; };
		94C4A6A72A6C7FBD0014BD03 /* SwiftSwapTests.swift */ = {isa = PBXFileReference; lastKnownFileType = sourcecode.swift; path = SwiftSwapTests.swift; sourceTree = "<group>"; };
		94C4A6AD2A6C7FBD0014BD03 /* SwiftSwapUITests.xctest */ = {isa = PBXFileReference; explicitFileType = wrapper.cfbundle; includeInIndex = 0; path = SwiftSwapUITests.xctest; sourceTree = BUILT_PRODUCTS_DIR; };
		94C4A6B12A6C7FBD0014BD03 /* SwiftSwapUITests.swift */ = {isa = PBXFileReference; lastKnownFileType = sourcecode.swift; path = SwiftSwapUITests.swift; sourceTree = "<group>"; };
		94C4A6B32A6C7FBD0014BD03 /* SwiftSwapUITestsLaunchTests.swift */ = {isa = PBXFileReference; lastKnownFileType = sourcecode.swift; path = SwiftSwapUITestsLaunchTests.swift; sourceTree = "<group>"; };
/* End PBXFileReference section */

/* Begin PBXFrameworksBuildPhase section */
		94C4A6902A6C7FBC0014BD03 /* Frameworks */ = {
			isa = PBXFrameworksBuildPhase;
			buildActionMask = 2147483647;
			files = (
			);
			runOnlyForDeploymentPostprocessing = 0;
		};
		94C4A6A02A6C7FBD0014BD03 /* Frameworks */ = {
			isa = PBXFrameworksBuildPhase;
			buildActionMask = 2147483647;
			files = (
			);
			runOnlyForDeploymentPostprocessing = 0;
		};
		94C4A6AA2A6C7FBD0014BD03 /* Frameworks */ = {
			isa = PBXFrameworksBuildPhase;
			buildActionMask = 2147483647;
			files = (
			);
			runOnlyForDeploymentPostprocessing = 0;
		};
/* End PBXFrameworksBuildPhase section */

/* Begin PBXGroup section */
		94C4A68A2A6C7FBC0014BD03 = {
			isa = PBXGroup;
			children = (
				94C4A6952A6C7FBC0014BD03 /* SwiftSwap */,
				94C4A6A62A6C7FBD0014BD03 /* SwiftSwapTests */,
				94C4A6B02A6C7FBD0014BD03 /* SwiftSwapUITests */,
				94C4A6942A6C7FBC0014BD03 /* Products */,
			);
			sourceTree = "<group>";
		};
		94C4A6942A6C7FBC0014BD03 /* Products */ = {
			isa = PBXGroup;
			children = (
				94C4A6932A6C7FBC0014BD03 /* SwiftSwap.app */,
				94C4A6A32A6C7FBD0014BD03 /* SwiftSwapTests.xctest */,
				94C4A6AD2A6C7FBD0014BD03 /* SwiftSwapUITests.xctest */,
			);
			name = Products;
			sourceTree = "<group>";
		};
		94C4A6952A6C7FBC0014BD03 /* SwiftSwap */ = {
			isa = PBXGroup;
			children = (
				94C4A6962A6C7FBC0014BD03 /* SwiftSwapApp.swift */,
				94C4A6982A6C7FBC0014BD03 /* ContentView.swift */,
				94C4A69A2A6C7FBD0014BD03 /* Assets.xcassets */,
				94C4A69C2A6C7FBD0014BD03 /* Preview Content */,
			);
			path = SwiftSwap;
			sourceTree = "<group>";
		};
		94C4A69C2A6C7FBD0014BD03 /* Preview Content */ = {
			isa = PBXGroup;
			children = (
				94C4A69D2A6C7FBD0014BD03 /* Preview Assets.xcassets */,
			);
			path = "Preview Content";
			sourceTree = "<group>";
		};
		94C4A6A62A6C7FBD0014BD03 /* SwiftSwapTests */ = {
			isa = PBXGroup;
			children = (
				94C4A6A72A6C7FBD0014BD03 /* SwiftSwapTests.swift */,
			);
			path = SwiftSwapTests;
			sourceTree = "<group>";
		};
		94C4A6B02A6C7FBD0014BD03 /* SwiftSwapUITests */ = {
			isa = PBXGroup;
			children = (
				94C4A6B12A6C7FBD0014BD03 /* SwiftSwapUITests.swift */,
				94C4A6B32A6C7FBD0014BD03 /* SwiftSwapUITestsLaunchTests.swift */,
			);
			path = SwiftSwapUITests;
			sourceTree = "<group>";
		};
/* End PBXGroup section */

/* Begin PBXNativeTarget section */
		94C4A6922A6C7FBC0014BD03 /* SwiftSwap */ = {
			isa = PBXNativeTarget;
			buildConfigurationList = 94C4A6B72A6C7FBD0014BD03 /* Build configuration list for PBXNativeTarget "SwiftSwap" */;
			buildPhases = (
				94C4A68F2A6C7FBC0014BD03 /* Sources */,
				94C4A6902A6C7FBC0014BD03 /* Frameworks */,
				94C4A6912A6C7FBC0014BD03 /* Resources */,
			);
			buildRules = (
			);
			dependencies = (
			);
			name = SwiftSwap;
			productName = SwiftSwap;
			productReference = 94C4A6932A6C7FBC0014BD03 /* SwiftSwap.app */;
			productType = "com.apple.product-type.application";
		};
		94C4A6A22A6C7FBD0014BD03 /* SwiftSwapTests */ = {
			isa = PBXNativeTarget;
			buildConfigurationList = 94C4A6BA2A6C7FBD0014BD03 /* Build configuration list for PBXNativeTarget "SwiftSwapTests" */;
			buildPhases = (
				94C4A69F2A6C7FBD0014BD03 /* Sources */,
				94C4A6A02A6C7FBD0014BD03 /* Frameworks */,
				94C4A6A12A6C7FBD0014BD03 /* Resources */,
			);
			buildRules = (
			);
			dependencies = (
				94C4A6A52A6C7FBD0014BD03 /* PBXTargetDependency */,
			);
			name = SwiftSwapTests;
			productName = SwiftSwapTests;
			productReference = 94C4A6A32A6C7FBD0014BD03 /* SwiftSwapTests.xctest */;
			productType = "com.apple.product-type.bundle.unit-test";
		};
		94C4A6AC2A6C7FBD0014BD03 /* SwiftSwapUITests */ = {
			isa = PBXNativeTarget;
			buildConfigurationList = 94C4A6BD2A6C7FBD0014BD03 /* Build configuration list for PBXNativeTarget "SwiftSwapUITests" */;
			buildPhases = (
				94C4A6A92A6C7FBD0014BD03 /* Sources */,
				94C4A6AA2A6C7FBD0014BD03 /* Frameworks */,
				94C4A6AB2A6C7FBD0014BD03 /* Resources */,
			);
			buildRules = (
			);
			dependencies = (
				94C4A6AF2A6C7FBD0014BD03 /* PBXTargetDependency */,
			);
			name = SwiftSwapUITests;
			productName = SwiftSwapUITests;
			productReference = 94C4A6AD2A6C7FBD0014BD03 /* SwiftSwapUITests.xctest */;
			productType = "com.apple.product-type.bundle.ui-testing";
		};
/* End PBXNativeTarget section */

/* Begin PBXProject section */
		94C4A68B2A6C7FBC0014BD03 /* Project object */ = {
			isa = PBXProject;
			attributes = {
				BuildIndependentTargetsInParallel = 1;
				LastSwiftUpdateCheck = 1500;
				LastUpgradeCheck = 1500;
				TargetAttributes = {
					94C4A6922A6C7FBC0014BD03 = {
						CreatedOnToolsVersion = 15.0;
					};
					94C4A6A22A6C7FBD0014BD03 = {
						CreatedOnToolsVersion = 15.0;
						TestTargetID = 94C4A6922A6C7FBC0014BD03;
					};
					94C4A6AC2A6C7FBD0014BD03 = {
						CreatedOnToolsVersion = 15.0;
						TestTargetID = 94C4A6922A6C7FBC0014BD03;
					};
				};
			};
			buildConfigurationList = 94C4A68E2A6C7FBC0014BD03 /* Build configuration list for PBXProject "SwiftSwap" */;
			compatibilityVersion = "Xcode 14.0";
			developmentRegion = en;
			hasScannedForEncodings = 0;
			knownRegions = (
				en,
				Base,
			);
			mainGroup = 94C4A68A2A6C7FBC0014BD03;
			productRefGroup = 94C4A6942A6C7FBC0014BD03 /* Products */;
			projectDirPath = "";
			projectRoot = "";
			targets = (
				94C4A6922A6C7FBC0014BD03 /* SwiftSwap */,
				94C4A6A22A6C7FBD0014BD03 /* SwiftSwapTests */,
				94C4A6AC2A6C7FBD0014BD03 /* SwiftSwapUITests */,
			);
		};
/* End PBXProject section */

/* Begin PBXResourcesBuildPhase section */
		94C4A6912A6C7FBC0014BD03 /* Resources */ = {
			isa = PBXResourcesBuildPhase;
			buildActionMask = 2147483647;
			files = (
				94C4A69E2A6C7FBD0014BD03 /* Preview Assets.xcassets in Resources */,
				94C4A69B2A6C7FBD0014BD03 /* Assets.xcassets in Resources */,
			);
			runOnlyForDeploymentPostprocessing = 0;
		};
		94C4A6A12A6C7FBD0014BD03 /* Resources */ = {
			isa = PBXResourcesBuildPhase;
			buildActionMask = 2147483647;
			files = (
			);
			runOnlyForDeploymentPostprocessing = 0;
		};
		94C4A6AB2A6C7FBD0014BD03 /* Resources */ = {
			isa = PBXResourcesBuildPhase;
			buildActionMask = 2147483647;
			files = (
			);
			runOnlyForDeploymentPostprocessing = 0;
		};
/* End PBXResourcesBuildPhase section */

/* Begin PBXSourcesBuildPhase section */
		94C4A68F2A6C7FBC0014BD03 /* Sources */ = {
			isa = PBXSourcesBuildPhase;
			buildActionMask = 2147483647;
			files = (
				94C4A6992A6C7FBC0014BD03 /* ContentView.swift in Sources */,
				94C4A6972A6C7FBC0014BD03 /* SwiftSwapApp.swift in Sources */,
			);
			runOnlyForDeploymentPostprocessing = 0;
		};
		94C4A69F2A6C7FBD0014BD03 /* Sources */ = {
			isa = PBXSourcesBuildPhase;
			buildActionMask = 2147483647;
			files = (
				94C4A6A82A6C7FBD0014BD03 /* SwiftSwapTests.swift in Sources */,
			);
			runOnlyForDeploymentPostprocessing = 0;
		};
		94C4A6A92A6C7FBD0014BD03 /* Sources */ = {
			isa = PBXSourcesBuildPhase;
			buildActionMask = 2147483647;
			files = (
				94C4A6B22A6C7FBD0014BD03 /* SwiftSwapUITests.swift in Sources */,
				94C4A6B42A6C7FBD0014BD03 /* SwiftSwapUITestsLaunchTests.swift in Sources */,
			);
			runOnlyForDeploymentPostprocessing = 0;
		};
/* End PBXSourcesBuildPhase section */

/* Begin PBXTargetDependency section */
		94C4A6A52A6C7FBD0014BD03 /* PBXTargetDependency */ = {
			isa = PBXTargetDependency;
			target = 94C4A6922A6C7FBC0014BD03 /* SwiftSwap */;
			targetProxy = 94C4A6A42A6C7FBD0014BD03 /* PBXContainerItemProxy */;
		};
		94C4A6AF2A6C7FBD0014BD03 /* PBXTargetDependency */ = {
			isa = PBXTargetDependency;
			target = 94C4A6922A6C7FBC0014BD03 /* SwiftSwap */;
			targetProxy = 94C4A6AE2A6C7FBD0014BD03 /* PBXContainerItemProxy */;
		};
/* End PBXTargetDependency section */

/* Begin XCBuildConfiguration section */
		94C4A6B52A6C7FBD0014BD03 /* Debug */ = {
			isa = XCBuildConfiguration;
			buildSettings = {
				ALWAYS_SEARCH_USER_PATHS = NO;
				ASSETCATALOG_COMPILER_GENERATE_SWIFT_ASSET_SYMBOL_EXTENSIONS = YES;
				CLANG_ANALYZER_NONNULL = YES;
				CLANG_ANALYZER_NUMBER_OBJECT_CONVERSION = YES_AGGRESSIVE;
				CLANG_CXX_LANGUAGE_STANDARD = "gnu++20";
				CLANG_ENABLE_MODULES = YES;
				CLANG_ENABLE_OBJC_ARC = YES;
				CLANG_ENABLE_OBJC_WEAK = YES;
				CLANG_WARN_BLOCK_CAPTURE_AUTORELEASING = YES;
				CLANG_WARN_BOOL_CONVERSION = YES;
				CLANG_WARN_COMMA = YES;
				CLANG_WARN_CONSTANT_CONVERSION = YES;
				CLANG_WARN_DEPRECATED_OBJC_IMPLEMENTATIONS = YES;
				CLANG_WARN_DIRECT_OBJC_ISA_USAGE = YES_ERROR;
				CLANG_WARN_DOCUMENTATION_COMMENTS = YES;
				CLANG_WARN_EMPTY_BODY = YES;
				CLANG_WARN_ENUM_CONVERSION = YES;
				CLANG_WARN_INFINITE_RECURSION = YES;
				CLANG_WARN_INT_CONVERSION = YES;
				CLANG_WARN_NON_LITERAL_NULL_CONVERSION = YES;
				CLANG_WARN_OBJC_IMPLICIT_RETAIN_SELF = YES;
				CLANG_WARN_OBJC_LITERAL_CONVERSION = YES;
				CLANG_WARN_OBJC_ROOT_CLASS = YES_ERROR;
				CLANG_WARN_QUOTED_INCLUDE_IN_FRAMEWORK_HEADER = YES;
				CLANG_WARN_RANGE_LOOP_ANALYSIS = YES;
				CLANG_WARN_STRICT_PROTOTYPES = YES;
				CLANG_WARN_SUSPICIOUS_MOVE = YES;
				CLANG_WARN_UNGUARDED_AVAILABILITY = YES_AGGRESSIVE;
				CLANG_WARN_UNREACHABLE_CODE = YES;
				CLANG_WARN__DUPLICATE_METHOD_MATCH = YES;
				COPY_PHASE_STRIP = NO;
				DEBUG_INFORMATION_FORMAT = dwarf;
				ENABLE_STRICT_OBJC_MSGSEND = YES;
				ENABLE_TESTABILITY = YES;
				ENABLE_USER_SCRIPT_SANDBOXING = YES;
				GCC_C_LANGUAGE_STANDARD = gnu17;
				GCC_DYNAMIC_NO_PIC = NO;
				GCC_NO_COMMON_BLOCKS = YES;
				GCC_OPTIMIZATION_LEVEL = 0;
				GCC_PREPROCESSOR_DEFINITIONS = (
					"DEBUG=1",
					"$(inherited)",
				);
				GCC_WARN_64_TO_32_BIT_CONVERSION = YES;
				GCC_WARN_ABOUT_RETURN_TYPE = YES_ERROR;
				GCC_WARN_UNDECLARED_SELECTOR = YES;
				GCC_WARN_UNINITIALIZED_AUTOS = YES_AGGRESSIVE;
				GCC_WARN_UNUSED_FUNCTION = YES;
				GCC_WARN_UNUSED_VARIABLE = YES;
				IPHONEOS_DEPLOYMENT_TARGET = 17.0;
				LOCALIZATION_PREFERS_STRING_CATALOGS = YES;
				MTL_ENABLE_DEBUG_INFO = INCLUDE_SOURCE;
				MTL_FAST_MATH = YES;
				ONLY_ACTIVE_ARCH = YES;
				SDKROOT = iphoneos;
				SWIFT_ACTIVE_COMPILATION_CONDITIONS = "DEBUG $(inherited)";
				SWIFT_OPTIMIZATION_LEVEL = "-Onone";
			};
			name = Debug;
		};
		94C4A6B62A6C7FBD0014BD03 /* Release */ = {
			isa = XCBuildConfiguration;
			buildSettings = {
				ALWAYS_SEARCH_USER_PATHS = NO;
				ASSETCATALOG_COMPILER_GENERATE_SWIFT_ASSET_SYMBOL_EXTENSIONS = YES;
				CLANG_ANALYZER_NONNULL = YES;
				CLANG_ANALYZER_NUMBER_OBJECT_CONVERSION = YES_AGGRESSIVE;
				CLANG_CXX_LANGUAGE_STANDARD = "gnu++20";
				CLANG_ENABLE_MODULES = YES;
				CLANG_ENABLE_OBJC_ARC = YES;
				CLANG_ENABLE_OBJC_WEAK = YES;
				CLANG_WARN_BLOCK_CAPTURE_AUTORELEASING = YES;
				CLANG_WARN_BOOL_CONVERSION = YES;
				CLANG_WARN_COMMA = YES;
				CLANG_WARN_CONSTANT_CONVERSION = YES;
				CLANG_WARN_DEPRECATED_OBJC_IMPLEMENTATIONS = YES;
				CLANG_WARN_DIRECT_OBJC_ISA_USAGE = YES_ERROR;
				CLANG_WARN_DOCUMENTATION_COMMENTS = YES;
				CLANG_WARN_EMPTY_BODY = YES;
				CLANG_WARN_ENUM_CONVERSION = YES;
				CLANG_WARN_INFINITE_RECURSION = YES;
				CLANG_WARN_INT_CONVERSION = YES;
				CLANG_WARN_NON_LITERAL_NULL_CONVERSION = YES;
				CLANG_WARN_OBJC_IMPLICIT_RETAIN_SELF = YES;
				CLANG_WARN_OBJC_LITERAL_CONVERSION = YES;
				CLANG_WARN_OBJC_ROOT_CLASS = YES_ERROR;
				CLANG_WARN_QUOTED_INCLUDE_IN_FRAMEWORK_HEADER = YES;
				CLANG_WARN_RANGE_LOOP_ANALYSIS = YES;
				CLANG_WARN_STRICT_PROTOTYPES = YES;
				CLANG_WARN_SUSPICIOUS_MOVE = YES;
				CLANG_WARN_UNGUARDED_AVAILABILITY = YES_AGGRESSIVE;
				CLANG_WARN_UNREACHABLE_CODE = YES;
				CLANG_WARN__DUPLICATE_METHOD_MATCH = YES;
				COPY_PHASE_STRIP = NO;
				DEBUG_INFORMATION_FORMAT = "dwarf-with-dsym";
				ENABLE_NS_ASSERTIONS = NO;
				ENABLE_STRICT_OBJC_MSGSEND = YES;
				ENABLE_USER_SCRIPT_SANDBOXING = YES;
				GCC_C_LANGUAGE_STANDARD = gnu17;
				GCC_NO_COMMON_BLOCKS = YES;
				GCC_WARN_64_TO_32_BIT_CONVERSION = YES;
				GCC_WARN_ABOUT_RETURN_TYPE = YES_ERROR;
				GCC_WARN_UNDECLARED_SELECTOR = YES;
				GCC_WARN_UNINITIALIZED_AUTOS = YES_AGGRESSIVE;
				GCC_WARN_UNUSED_FUNCTION = YES;
				GCC_WARN_UNUSED_VARIABLE = YES;
				IPHONEOS_DEPLOYMENT_TARGET = 17.0;
				LOCALIZATION_PREFERS_STRING_CATALOGS = YES;
				MTL_ENABLE_DEBUG_INFO = NO;
				MTL_FAST_MATH = YES;
				SDKROOT = iphoneos;
				SWIFT_COMPILATION_MODE = wholemodule;
				VALIDATE_PRODUCT = YES;
			};
			name = Release;
		};
		94C4A6B82A6C7FBD0014BD03 /* Debug */ = {
			isa = XCBuildConfiguration;
			buildSettings = {
				ASSETCATALOG_COMPILER_APPICON_NAME = AppIcon;
				ASSETCATALOG_COMPILER_GLOBAL_ACCENT_COLOR_NAME = AccentColor;
				CODE_SIGN_STYLE = Automatic;
				CURRENT_PROJECT_VERSION = 1;
				DEVELOPMENT_ASSET_PATHS = "\"SwiftSwap/Preview Content\"";
				DEVELOPMENT_TEAM = 44K4H49QS9;
				ENABLE_PREVIEWS = YES;
				GENERATE_INFOPLIST_FILE = YES;
				INFOPLIST_KEY_UIApplicationSceneManifest_Generation = YES;
				INFOPLIST_KEY_UIApplicationSupportsIndirectInputEvents = YES;
				INFOPLIST_KEY_UILaunchScreen_Generation = YES;
				INFOPLIST_KEY_UISupportedInterfaceOrientations_iPad = "UIInterfaceOrientationPortrait UIInterfaceOrientationPortraitUpsideDown UIInterfaceOrientationLandscapeLeft UIInterfaceOrientationLandscapeRight";
				INFOPLIST_KEY_UISupportedInterfaceOrientations_iPhone = "UIInterfaceOrientationPortrait UIInterfaceOrientationLandscapeLeft UIInterfaceOrientationLandscapeRight";
				LD_RUNPATH_SEARCH_PATHS = (
					"$(inherited)",
					"@executable_path/Frameworks",
				);
				MARKETING_VERSION = 1.0;
				PRODUCT_BUNDLE_IDENTIFIER = com.vaibhavvenkat.SwiftSwap;
				PRODUCT_NAME = "$(TARGET_NAME)";
				SWIFT_EMIT_LOC_STRINGS = YES;
				SWIFT_VERSION = 5.0;
				TARGETED_DEVICE_FAMILY = "1,2";
			};
			name = Debug;
		};
		94C4A6B92A6C7FBD0014BD03 /* Release */ = {
			isa = XCBuildConfiguration;
			buildSettings = {
				ASSETCATALOG_COMPILER_APPICON_NAME = AppIcon;
				ASSETCATALOG_COMPILER_GLOBAL_ACCENT_COLOR_NAME = AccentColor;
				CODE_SIGN_STYLE = Automatic;
				CURRENT_PROJECT_VERSION = 1;
				DEVELOPMENT_ASSET_PATHS = "\"SwiftSwap/Preview Content\"";
				DEVELOPMENT_TEAM = 44K4H49QS9;
				ENABLE_PREVIEWS = YES;
				GENERATE_INFOPLIST_FILE = YES;
				INFOPLIST_KEY_UIApplicationSceneManifest_Generation = YES;
				INFOPLIST_KEY_UIApplicationSupportsIndirectInputEvents = YES;
				INFOPLIST_KEY_UILaunchScreen_Generation = YES;
				INFOPLIST_KEY_UISupportedInterfaceOrientations_iPad = "UIInterfaceOrientationPortrait UIInterfaceOrientationPortraitUpsideDown UIInterfaceOrientationLandscapeLeft UIInterfaceOrientationLandscapeRight";
				INFOPLIST_KEY_UISupportedInterfaceOrientations_iPhone = "UIInterfaceOrientationPortrait UIInterfaceOrientationLandscapeLeft UIInterfaceOrientationLandscapeRight";
				LD_RUNPATH_SEARCH_PATHS = (
					"$(inherited)",
					"@executable_path/Frameworks",
				);
				MARKETING_VERSION = 1.0;
				PRODUCT_BUNDLE_IDENTIFIER = com.vaibhavvenkat.SwiftSwap;
				PRODUCT_NAME = "$(TARGET_NAME)";
				SWIFT_EMIT_LOC_STRINGS = YES;
				SWIFT_VERSION = 5.0;
				TARGETED_DEVICE_FAMILY = "1,2";
			};
			name = Release;
		};
		94C4A6BB2A6C7FBD0014BD03 /* Debug */ = {
			isa = XCBuildConfiguration;
			buildSettings = {
				ALWAYS_EMBED_SWIFT_STANDARD_LIBRARIES = YES;
				BUNDLE_LOADER = "$(TEST_HOST)";
				CODE_SIGN_STYLE = Automatic;
				CURRENT_PROJECT_VERSION = 1;
				DEVELOPMENT_TEAM = 44K4H49QS9;
				GENERATE_INFOPLIST_FILE = YES;
				IPHONEOS_DEPLOYMENT_TARGET = 17.0;
				MARKETING_VERSION = 1.0;
				PRODUCT_BUNDLE_IDENTIFIER = com.vaibhavvenkat.SwiftSwapTests;
				PRODUCT_NAME = "$(TARGET_NAME)";
				SWIFT_EMIT_LOC_STRINGS = NO;
				SWIFT_VERSION = 5.0;
				TARGETED_DEVICE_FAMILY = "1,2";
				TEST_HOST = "$(BUILT_PRODUCTS_DIR)/SwiftSwap.app/$(BUNDLE_EXECUTABLE_FOLDER_PATH)/SwiftSwap";
			};
			name = Debug;
		};
		94C4A6BC2A6C7FBD0014BD03 /* Release */ = {
			isa = XCBuildConfiguration;
			buildSettings = {
				ALWAYS_EMBED_SWIFT_STANDARD_LIBRARIES = YES;
				BUNDLE_LOADER = "$(TEST_HOST)";
				CODE_SIGN_STYLE = Automatic;
				CURRENT_PROJECT_VERSION = 1;
				DEVELOPMENT_TEAM = 44K4H49QS9;
				GENERATE_INFOPLIST_FILE = YES;
				IPHONEOS_DEPLOYMENT_TARGET = 17.0;
				MARKETING_VERSION = 1.0;
				PRODUCT_BUNDLE_IDENTIFIER = com.vaibhavvenkat.SwiftSwapTests;
				PRODUCT_NAME = "$(TARGET_NAME)";
				SWIFT_EMIT_LOC_STRINGS = NO;
				SWIFT_VERSION = 5.0;
				TARGETED_DEVICE_FAMILY = "1,2";
				TEST_HOST = "$(BUILT_PRODUCTS_DIR)/SwiftSwap.app/$(BUNDLE_EXECUTABLE_FOLDER_PATH)/SwiftSwap";
			};
			name = Release;
		};
		94C4A6BE2A6C7FBD0014BD03 /* Debug */ = {
			isa = XCBuildConfiguration;
			buildSettings = {
				ALWAYS_EMBED_SWIFT_STANDARD_LIBRARIES = YES;
				CODE_SIGN_STYLE = Automatic;
				CURRENT_PROJECT_VERSION = 1;
				DEVELOPMENT_TEAM = 44K4H49QS9;
				GENERATE_INFOPLIST_FILE = YES;
				MARKETING_VERSION = 1.0;
				PRODUCT_BUNDLE_IDENTIFIER = com.vaibhavvenkat.SwiftSwapUITests;
				PRODUCT_NAME = "$(TARGET_NAME)";
				SWIFT_EMIT_LOC_STRINGS = NO;
				SWIFT_VERSION = 5.0;
				TARGETED_DEVICE_FAMILY = "1,2";
				TEST_TARGET_NAME = SwiftSwap;
			};
			name = Debug;
		};
		94C4A6BF2A6C7FBD0014BD03 /* Release */ = {
			isa = XCBuildConfiguration;
			buildSettings = {
				ALWAYS_EMBED_SWIFT_STANDARD_LIBRARIES = YES;
				CODE_SIGN_STYLE = Automatic;
				CURRENT_PROJECT_VERSION = 1;
				DEVELOPMENT_TEAM = 44K4H49QS9;
				GENERATE_INFOPLIST_FILE = YES;
				MARKETING_VERSION = 1.0;
				PRODUCT_BUNDLE_IDENTIFIER = com.vaibhavvenkat.SwiftSwapUITests;
				PRODUCT_NAME = "$(TARGET_NAME)";
				SWIFT_EMIT_LOC_STRINGS = NO;
				SWIFT_VERSION = 5.0;
				TARGETED_DEVICE_FAMILY = "1,2";
				TEST_TARGET_NAME = SwiftSwap;
			};
			name = Release;
		};
/* End XCBuildConfiguration section */

/* Begin XCConfigurationList section */
		94C4A68E2A6C7FBC0014BD03 /* Build configuration list for PBXProject "SwiftSwap" */ = {
			isa = XCConfigurationList;
			buildConfigurations = (
				94C4A6B52A6C7FBD0014BD03 /* Debug */,
				94C4A6B62A6C7FBD0014BD03 /* Release */,
			);
			defaultConfigurationIsVisible = 0;
			defaultConfigurationName = Release;
		};
		94C4A6B72A6C7FBD0014BD03 /* Build configuration list for PBXNativeTarget "SwiftSwap" */ = {
			isa = XCConfigurationList;
			buildConfigurations = (
				94C4A6B82A6C7FBD0014BD03 /* Debug */,
				94C4A6B92A6C7FBD0014BD03 /* Release */,
			);
			defaultConfigurationIsVisible = 0;
			defaultConfigurationName = Release;
		};
		94C4A6BA2A6C7FBD0014BD03 /* Build configuration list for PBXNativeTarget "SwiftSwapTests" */ = {
			isa = XCConfigurationList;
			buildConfigurations = (
				94C4A6BB2A6C7FBD0014BD03 /* Debug */,
				94C4A6BC2A6C7FBD0014BD03 /* Release */,
			);
			defaultConfigurationIsVisible = 0;
			defaultConfigurationName = Release;
		};
		94C4A6BD2A6C7FBD0014BD03 /* Build configuration list for PBXNativeTarget "SwiftSwapUITests" */ = {
			isa = XCConfigurationList;
			buildConfigurations = (
				94C4A6BE2A6C7FBD0014BD03 /* Debug */,
				94C4A6BF2A6C7FBD0014BD03 /* Release */,
			);
			defaultConfigurationIsVisible = 0;
			defaultConfigurationName = Release;
		};
/* End XCConfigurationList section */
	};
	rootObject = 94C4A68B2A6C7FBC0014BD03 /* Project object */;
}
